
Microsoft Visual Studio Solution File, Format Version 12.00
# Visual Studio Version 16
VisualStudioVersion = 16.0.29409.12
MinimumVisualStudioVersion = 10.0.40219.1
Project("{F184B08F-C81C-45F6-A57F-5ABD9991F28F}") = "Koala", "Koala\Koala.vbproj", "{169DCACE-CAB8-4CDB-9B9A-56310D242078}"
EndProject
Project("{FAE04EC0-301F-11D3-BF4B-00C04F79EFBC}") = "KoalaResults", "KoalaResults\KoalaResults.csproj", "{1B663128-62BE-43A1-837B-B1D5530AE387}"
EndProject
Project("{F184B08F-C81C-45F6-A57F-5ABD9991F28F}") = "KoalaUT", "KoalaUT\KoalaUT.vbproj", "{A6916EAF-D644-4904-8D03-E4E7F2488D68}"
EndProject
Project("{930C7802-8A8C-48F9-8165-68863BCCD9DD}") = "KoalaInstaller", "KoalaInstaller\KoalaInstaller.wixproj", "{C117A5D8-0473-48EE-A20D-D13EC2D83EAC}"
EndProject
Global
	GlobalSection(SolutionConfigurationPlatforms) = preSolution
		Debug|Any CPU = Debug|Any CPU
		Debug|x64 = Debug|x64
		Debug|x86 = Debug|x86
		Debug64|Any CPU = Debug64|Any CPU
		Debug64|x64 = Debug64|x64
		Debug64|x86 = Debug64|x86
		Release|Any CPU = Release|Any CPU
		Release|x64 = Release|x64
		Release|x86 = Release|x86
		Release64|Any CPU = Release64|Any CPU
		Release64|x64 = Release64|x64
		Release64|x86 = Release64|x86
	EndGlobalSection
	GlobalSection(ProjectConfigurationPlatforms) = postSolution
		{169DCACE-CAB8-4CDB-9B9A-56310D242078}.Debug|Any CPU.ActiveCfg = Debug64|Any CPU
		{169DCACE-CAB8-4CDB-9B9A-56310D242078}.Debug|Any CPU.Build.0 = Debug64|Any CPU
		{169DCACE-CAB8-4CDB-9B9A-56310D242078}.Debug|x64.ActiveCfg = Debug64|x64
		{169DCACE-CAB8-4CDB-9B9A-56310D242078}.Debug|x64.Build.0 = Debug64|x64
		{169DCACE-CAB8-4CDB-9B9A-56310D242078}.Debug|x86.ActiveCfg = Debug64|Any CPU
		{169DCACE-CAB8-4CDB-9B9A-56310D242078}.Debug|x86.Build.0 = Debug64|Any CPU
		{169DCACE-CAB8-4CDB-9B9A-56310D242078}.Debug64|Any CPU.ActiveCfg = Debug64|Any CPU
		{169DCACE-CAB8-4CDB-9B9A-56310D242078}.Debug64|Any CPU.Build.0 = Debug64|Any CPU
		{169DCACE-CAB8-4CDB-9B9A-56310D242078}.Debug64|x64.ActiveCfg = Debug64|x64
		{169DCACE-CAB8-4CDB-9B9A-56310D242078}.Debug64|x64.Build.0 = Debug64|x64
		{169DCACE-CAB8-4CDB-9B9A-56310D242078}.Debug64|x86.ActiveCfg = Debug64|Any CPU
		{169DCACE-CAB8-4CDB-9B9A-56310D242078}.Debug64|x86.Build.0 = Debug64|Any CPU
		{169DCACE-CAB8-4CDB-9B9A-56310D242078}.Release|Any CPU.ActiveCfg = Release64|Any CPU
		{169DCACE-CAB8-4CDB-9B9A-56310D242078}.Release|Any CPU.Build.0 = Release64|Any CPU
		{169DCACE-CAB8-4CDB-9B9A-56310D242078}.Release|x64.ActiveCfg = Release64|x64
		{169DCACE-CAB8-4CDB-9B9A-56310D242078}.Release|x64.Build.0 = Release64|x64
		{169DCACE-CAB8-4CDB-9B9A-56310D242078}.Release|x86.ActiveCfg = Release64|Any CPU
		{169DCACE-CAB8-4CDB-9B9A-56310D242078}.Release|x86.Build.0 = Release64|Any CPU
		{169DCACE-CAB8-4CDB-9B9A-56310D242078}.Release64|Any CPU.ActiveCfg = Release64|Any CPU
		{169DCACE-CAB8-4CDB-9B9A-56310D242078}.Release64|Any CPU.Build.0 = Release64|Any CPU
		{169DCACE-CAB8-4CDB-9B9A-56310D242078}.Release64|x64.ActiveCfg = Release64|x64
		{169DCACE-CAB8-4CDB-9B9A-56310D242078}.Release64|x64.Build.0 = Release64|x64
		{169DCACE-CAB8-4CDB-9B9A-56310D242078}.Release64|x86.ActiveCfg = Release64|Any CPU
		{169DCACE-CAB8-4CDB-9B9A-56310D242078}.Release64|x86.Build.0 = Release64|Any CPU
		{1B663128-62BE-43A1-837B-B1D5530AE387}.Debug|Any CPU.ActiveCfg = Debug|Any CPU
		{1B663128-62BE-43A1-837B-B1D5530AE387}.Debug|Any CPU.Build.0 = Debug|Any CPU
		{1B663128-62BE-43A1-837B-B1D5530AE387}.Debug|x64.ActiveCfg = Debug|x64
		{1B663128-62BE-43A1-837B-B1D5530AE387}.Debug|x64.Build.0 = Debug|x64
		{1B663128-62BE-43A1-837B-B1D5530AE387}.Debug|x86.ActiveCfg = Debug|Any CPU
		{1B663128-62BE-43A1-837B-B1D5530AE387}.Debug|x86.Build.0 = Debug|Any CPU
		{1B663128-62BE-43A1-837B-B1D5530AE387}.Debug64|Any CPU.ActiveCfg = Debug|Any CPU
		{1B663128-62BE-43A1-837B-B1D5530AE387}.Debug64|Any CPU.Build.0 = Debug|Any CPU
		{1B663128-62BE-43A1-837B-B1D5530AE387}.Debug64|x64.ActiveCfg = Debug|x64
		{1B663128-62BE-43A1-837B-B1D5530AE387}.Debug64|x64.Build.0 = Debug|x64
		{1B663128-62BE-43A1-837B-B1D5530AE387}.Debug64|x86.ActiveCfg = Debug|Any CPU
		{1B663128-62BE-43A1-837B-B1D5530AE387}.Debug64|x86.Build.0 = Debug|Any CPU
		{1B663128-62BE-43A1-837B-B1D5530AE387}.Release|Any CPU.ActiveCfg = Release|Any CPU
		{1B663128-62BE-43A1-837B-B1D5530AE387}.Release|Any CPU.Build.0 = Release|Any CPU
		{1B663128-62BE-43A1-837B-B1D5530AE387}.Release|x64.ActiveCfg = Release|x64
		{1B663128-62BE-43A1-837B-B1D5530AE387}.Release|x64.Build.0 = Release|x64
		{1B663128-62BE-43A1-837B-B1D5530AE387}.Release|x86.ActiveCfg = Release|Any CPU
		{1B663128-62BE-43A1-837B-B1D5530AE387}.Release|x86.Build.0 = Release|Any CPU
		{1B663128-62BE-43A1-837B-B1D5530AE387}.Release64|Any CPU.ActiveCfg = Release|Any CPU
		{1B663128-62BE-43A1-837B-B1D5530AE387}.Release64|Any CPU.Build.0 = Release|Any CPU
		{1B663128-62BE-43A1-837B-B1D5530AE387}.Release64|x64.ActiveCfg = Release|x64
		{1B663128-62BE-43A1-837B-B1D5530AE387}.Release64|x64.Build.0 = Release|x64
		{1B663128-62BE-43A1-837B-B1D5530AE387}.Release64|x86.ActiveCfg = Release|Any CPU
		{1B663128-62BE-43A1-837B-B1D5530AE387}.Release64|x86.Build.0 = Release|Any CPU
		{A6916EAF-D644-4904-8D03-E4E7F2488D68}.Debug|Any CPU.ActiveCfg = Debug|Any CPU
		{A6916EAF-D644-4904-8D03-E4E7F2488D68}.Debug|Any CPU.Build.0 = Debug|Any CPU
		{A6916EAF-D644-4904-8D03-E4E7F2488D68}.Debug|x64.ActiveCfg = Debug|Any CPU
		{A6916EAF-D644-4904-8D03-E4E7F2488D68}.Debug|x64.Build.0 = Debug|Any CPU
		{A6916EAF-D644-4904-8D03-E4E7F2488D68}.Debug|x86.ActiveCfg = Debug|Any CPU
		{A6916EAF-D644-4904-8D03-E4E7F2488D68}.Debug|x86.Build.0 = Debug|Any CPU
		{A6916EAF-D644-4904-8D03-E4E7F2488D68}.Debug64|Any CPU.ActiveCfg = Debug|Any CPU
		{A6916EAF-D644-4904-8D03-E4E7F2488D68}.Debug64|Any CPU.Build.0 = Debug|Any CPU
		{A6916EAF-D644-4904-8D03-E4E7F2488D68}.Debug64|x64.ActiveCfg = Debug|Any CPU
		{A6916EAF-D644-4904-8D03-E4E7F2488D68}.Debug64|x64.Build.0 = Debug|Any CPU
		{A6916EAF-D644-4904-8D03-E4E7F2488D68}.Debug64|x86.ActiveCfg = Debug|Any CPU
		{A6916EAF-D644-4904-8D03-E4E7F2488D68}.Debug64|x86.Build.0 = Debug|Any CPU
		{A6916EAF-D644-4904-8D03-E4E7F2488D68}.Release|Any CPU.ActiveCfg = Release|Any CPU
		{A6916EAF-D644-4904-8D03-E4E7F2488D68}.Release|Any CPU.Build.0 = Release|Any CPU
		{A6916EAF-D644-4904-8D03-E4E7F2488D68}.Release|x64.ActiveCfg = Release|Any CPU
		{A6916EAF-D644-4904-8D03-E4E7F2488D68}.Release|x64.Build.0 = Release|Any CPU
		{A6916EAF-D644-4904-8D03-E4E7F2488D68}.Release|x86.ActiveCfg = Release|Any CPU
		{A6916EAF-D644-4904-8D03-E4E7F2488D68}.Release|x86.Build.0 = Release|Any CPU
		{A6916EAF-D644-4904-8D03-E4E7F2488D68}.Release64|Any CPU.ActiveCfg = Release|Any CPU
		{A6916EAF-D644-4904-8D03-E4E7F2488D68}.Release64|Any CPU.Build.0 = Release|Any CPU
		{A6916EAF-D644-4904-8D03-E4E7F2488D68}.Release64|x64.ActiveCfg = Release|Any CPU
		{A6916EAF-D644-4904-8D03-E4E7F2488D68}.Release64|x64.Build.0 = Release|Any CPU
		{A6916EAF-D644-4904-8D03-E4E7F2488D68}.Release64|x86.ActiveCfg = Release|Any CPU
		{A6916EAF-D644-4904-8D03-E4E7F2488D68}.Release64|x86.Build.0 = Release|Any CPU
		{C117A5D8-0473-48EE-A20D-D13EC2D83EAC}.Debug|Any CPU.ActiveCfg = Debug|x86
		{C117A5D8-0473-48EE-A20D-D13EC2D83EAC}.Debug|x64.ActiveCfg = Debug|x86
		{C117A5D8-0473-48EE-A20D-D13EC2D83EAC}.Debug|x86.ActiveCfg = Debug|x86
		{C117A5D8-0473-48EE-A20D-D13EC2D83EAC}.Debug|x86.Build.0 = Debug|x86
		{C117A5D8-0473-48EE-A20D-D13EC2D83EAC}.Debug64|Any CPU.ActiveCfg = Debug|x86
		{C117A5D8-0473-48EE-A20D-D13EC2D83EAC}.Debug64|Any CPU.Build.0 = Debug|x86
		{C117A5D8-0473-48EE-A20D-D13EC2D83EAC}.Debug64|x64.ActiveCfg = Debug|x86
		{C117A5D8-0473-48EE-A20D-D13EC2D83EAC}.Debug64|x64.Build.0 = Debug|x86
		{C117A5D8-0473-48EE-A20D-D13EC2D83EAC}.Debug64|x86.ActiveCfg = Debug|x86
		{C117A5D8-0473-48EE-A20D-D13EC2D83EAC}.Debug64|x86.Build.0 = Debug|x86
		{C117A5D8-0473-48EE-A20D-D13EC2D83EAC}.Release|Any CPU.ActiveCfg = Release|x86
		{C117A5D8-0473-48EE-A20D-D13EC2D83EAC}.Release|x64.ActiveCfg = Release|x86
		{C117A5D8-0473-48EE-A20D-D13EC2D83EAC}.Release|x86.ActiveCfg = Release|x86
		{C117A5D8-0473-48EE-A20D-D13EC2D83EAC}.Release|x86.Build.0 = Release|x86
		{C117A5D8-0473-48EE-A20D-D13EC2D83EAC}.Release64|Any CPU.ActiveCfg = Debug|x86
		{C117A5D8-0473-48EE-A20D-D13EC2D83EAC}.Release64|Any CPU.Build.0 = Debug|x86
		{C117A5D8-0473-48EE-A20D-D13EC2D83EAC}.Release64|x64.ActiveCfg = Debug|x86
		{C117A5D8-0473-48EE-A20D-D13EC2D83EAC}.Release64|x64.Build.0 = Debug|x86
		{C117A5D8-0473-48EE-A20D-D13EC2D83EAC}.Release64|x86.ActiveCfg = Release|x86
		{C117A5D8-0473-48EE-A20D-D13EC2D83EAC}.Release64|x86.Build.0 = Release|x86
	EndGlobalSection
	GlobalSection(SolutionProperties) = preSolution
		HideSolutionNode = FALSE
	EndGlobalSection
	GlobalSection(ExtensibilityGlobals) = postSolution
		SolutionGuid = {294AECB5-22BF-4B23-932D-276074614FA3}
	EndGlobalSection
EndGlobal
